
Microsoft Visual Studio Solution File, Format Version 12.00
# Visual Studio Version 17
VisualStudioVersion = 17.7.34024.191
MinimumVisualStudioVersion = 10.0.40219.1
Project("{FAE04EC0-301F-11D3-BF4B-00C04F79EFBC}") = "semestr 2 Laba3", "semestr 2 Laba3\semestr 2 Laba3.csproj", "{3AA2E647-5AF6-4527-9819-C0133886993A}"
EndProject
Global
	GlobalSection(SolutionConfigurationPlatforms) = preSolution
		Debug|Any CPU = Debug|Any CPU
		Release|Any CPU = Release|Any CPU
	EndGlobalSection
	GlobalSection(ProjectConfigurationPlatforms) = postSolution
		{3AA2E647-5AF6-4527-9819-C0133886993A}.Debug|Any CPU.ActiveCfg = Debug|Any CPU
		{3AA2E647-5AF6-4527-9819-C0133886993A}.Debug|Any CPU.Build.0 = Debug|Any CPU
		{3AA2E647-5AF6-4527-9819-C0133886993A}.Release|Any CPU.ActiveCfg = Release|Any CPU
		{3AA2E647-5AF6-4527-9819-C0133886993A}.Release|Any CPU.Build.0 = Release|Any CPU
	EndGlobalSection
	GlobalSection(SolutionProperties) = preSolution
		HideSolutionNode = FALSE
	EndGlobalSection
	GlobalSection(ExtensibilityGlobals) = postSolution
		SolutionGuid = {A5E102A6-9981-4D53-8AC0-C39F1A13F64E}
	EndGlobalSection
EndGlobal
