
Microsoft Visual Studio Solution File, Format Version 12.00
# Visual Studio Version 17
VisualStudioVersion = 17.7.34024.191
MinimumVisualStudioVersion = 10.0.40219.1
Project("{FAE04EC0-301F-11D3-BF4B-00C04F79EFBC}") = "Telegram", "Telegram\Telegram.csproj", "{CDDEF5D3-6BBE-42D8-A98A-CA13FFDEC710}"
EndProject
Project("{FAE04EC0-301F-11D3-BF4B-00C04F79EFBC}") = "Api", "Api\Api.csproj", "{8024852A-7060-42CA-A586-CA6F0DAFE3F5}"
EndProject
Global
	GlobalSection(SolutionConfigurationPlatforms) = preSolution
		Debug|Any CPU = Debug|Any CPU
		Release|Any CPU = Release|Any CPU
	EndGlobalSection
	GlobalSection(ProjectConfigurationPlatforms) = postSolution
		{CDDEF5D3-6BBE-42D8-A98A-CA13FFDEC710}.Debug|Any CPU.ActiveCfg = Debug|Any CPU
		{CDDEF5D3-6BBE-42D8-A98A-CA13FFDEC710}.Debug|Any CPU.Build.0 = Debug|Any CPU
		{CDDEF5D3-6BBE-42D8-A98A-CA13FFDEC710}.Release|Any CPU.ActiveCfg = Release|Any CPU
		{CDDEF5D3-6BBE-42D8-A98A-CA13FFDEC710}.Release|Any CPU.Build.0 = Release|Any CPU
		{8024852A-7060-42CA-A586-CA6F0DAFE3F5}.Debug|Any CPU.ActiveCfg = Debug|Any CPU
		{8024852A-7060-42CA-A586-CA6F0DAFE3F5}.Debug|Any CPU.Build.0 = Debug|Any CPU
		{8024852A-7060-42CA-A586-CA6F0DAFE3F5}.Release|Any CPU.ActiveCfg = Release|Any CPU
		{8024852A-7060-42CA-A586-CA6F0DAFE3F5}.Release|Any CPU.Build.0 = Release|Any CPU
	EndGlobalSection
	GlobalSection(SolutionProperties) = preSolution
		HideSolutionNode = FALSE
	EndGlobalSection
	GlobalSection(ExtensibilityGlobals) = postSolution
		SolutionGuid = {EF76C8C0-CCEE-4A8A-8B4F-D23133422842}
	EndGlobalSection
EndGlobal
