
Microsoft Visual Studio Solution File, Format Version 12.00
# Visual Studio Version 17
VisualStudioVersion = 17.7.34024.191
MinimumVisualStudioVersion = 10.0.40219.1
Project("{9A19103F-16F7-4668-BE54-9A1E7A4F7556}") = "1 завдання Linkedlist", "2 півріччя лаба 1\1 завдання Linkedlist.csproj", "{0DAAB933-8FF8-4AC4-8B61-CA36A4208108}"
EndProject
Project("{9A19103F-16F7-4668-BE54-9A1E7A4F7556}") = "1 завдання Array list", "1 завдання Array list\1 завдання Array list.csproj", "{8FE5CA50-57B0-423C-BB0C-7B8D646F4425}"
EndProject
Project("{9A19103F-16F7-4668-BE54-9A1E7A4F7556}") = "2 завдання", "2 завдання\2 завдання.csproj", "{81D76FBA-D3C0-4FB7-B37C-5F832DF06C6D}"
EndProject
Project("{9A19103F-16F7-4668-BE54-9A1E7A4F7556}") = "завдання 3", "завдання 3\завдання 3.csproj", "{03C7B0FF-6BE1-4900-ACEA-1FE1C57B7B75}"
EndProject
Global
	GlobalSection(SolutionConfigurationPlatforms) = preSolution
		Debug|Any CPU = Debug|Any CPU
		Release|Any CPU = Release|Any CPU
	EndGlobalSection
	GlobalSection(ProjectConfigurationPlatforms) = postSolution
		{0DAAB933-8FF8-4AC4-8B61-CA36A4208108}.Debug|Any CPU.ActiveCfg = Debug|Any CPU
		{0DAAB933-8FF8-4AC4-8B61-CA36A4208108}.Debug|Any CPU.Build.0 = Debug|Any CPU
		{0DAAB933-8FF8-4AC4-8B61-CA36A4208108}.Release|Any CPU.ActiveCfg = Release|Any CPU
		{0DAAB933-8FF8-4AC4-8B61-CA36A4208108}.Release|Any CPU.Build.0 = Release|Any CPU
		{8FE5CA50-57B0-423C-BB0C-7B8D646F4425}.Debug|Any CPU.ActiveCfg = Debug|Any CPU
		{8FE5CA50-57B0-423C-BB0C-7B8D646F4425}.Debug|Any CPU.Build.0 = Debug|Any CPU
		{8FE5CA50-57B0-423C-BB0C-7B8D646F4425}.Release|Any CPU.ActiveCfg = Release|Any CPU
		{8FE5CA50-57B0-423C-BB0C-7B8D646F4425}.Release|Any CPU.Build.0 = Release|Any CPU
		{81D76FBA-D3C0-4FB7-B37C-5F832DF06C6D}.Debug|Any CPU.ActiveCfg = Debug|Any CPU
		{81D76FBA-D3C0-4FB7-B37C-5F832DF06C6D}.Debug|Any CPU.Build.0 = Debug|Any CPU
		{81D76FBA-D3C0-4FB7-B37C-5F832DF06C6D}.Release|Any CPU.ActiveCfg = Release|Any CPU
		{81D76FBA-D3C0-4FB7-B37C-5F832DF06C6D}.Release|Any CPU.Build.0 = Release|Any CPU
		{03C7B0FF-6BE1-4900-ACEA-1FE1C57B7B75}.Debug|Any CPU.ActiveCfg = Debug|Any CPU
		{03C7B0FF-6BE1-4900-ACEA-1FE1C57B7B75}.Debug|Any CPU.Build.0 = Debug|Any CPU
		{03C7B0FF-6BE1-4900-ACEA-1FE1C57B7B75}.Release|Any CPU.ActiveCfg = Release|Any CPU
		{03C7B0FF-6BE1-4900-ACEA-1FE1C57B7B75}.Release|Any CPU.Build.0 = Release|Any CPU
	EndGlobalSection
	GlobalSection(SolutionProperties) = preSolution
		HideSolutionNode = FALSE
	EndGlobalSection
	GlobalSection(ExtensibilityGlobals) = postSolution
		SolutionGuid = {E6910AE7-0220-4F61-BD09-D82EAB375BCB}
	EndGlobalSection
EndGlobal
